{
  "version": 1,
  "dependencies": {
    "net7.0": {
      "CommunityToolkit.Mvvm": {
        "type": "Direct",
        "requested": "[8.2.2, )",
        "resolved": "8.2.2",
        "contentHash": "r0g0k9tGYdrnz8R7T3x5UiokDffeevzK/2P/9SBL6fqLgN8B157MIi/bVUWI1KAz6ZorZrK9AdABCWUeXZZsvA=="
      },
      "Microsoft.Data.Sqlite": {
        "type": "Direct",
        "requested": "[7.0.12, )",
        "resolved": "7.0.12",
        "contentHash": "xDe4lzEJm5bl4aEq6SmLBhgYPgh5GgkGzGaw9PGGajfqMAR7TCk1RkzsFb1iAYtetFHKZmQNGkR2EWKJSZTGSw==",
        "dependencies": {
          "Microsoft.Data.Sqlite.Core": "7.0.12",
          "SQLitePCLRaw.bundle_e_sqlite3": "2.1.4"
        }
      },
      "Microsoft.Extensions.Configuration": {
        "type": "Direct",
        "requested": "[7.0.0, )",
        "resolved": "7.0.0",
        "contentHash": "tldQUBWt/xeH2K7/hMPPo5g8zuLc3Ro9I5d4o/XrxvxOCA2EZBtW7bCHHTc49fcBtvB8tLAb/Qsmfrq+2SJ4vA==",
        "dependencies": {
          "Microsoft.Extensions.Configuration.Abstractions": "7.0.0",
          "Microsoft.Extensions.Primitives": "7.0.0"
        }
      },
      "Microsoft.Extensions.DependencyInjection": {
        "type": "Direct",
        "requested": "[7.0.0, )",
        "resolved": "7.0.0",
        "contentHash": "elNeOmkeX3eDVG6pYVeV82p29hr+UKDaBhrZyWvWLw/EVZSYEkZlQdkp0V39k/Xehs2Qa0mvoCvkVj3eQxNQ1Q==",
        "dependencies": {
          "Microsoft.Extensions.DependencyInjection.Abstractions": "7.0.0"
        }
      },
      "Microsoft.Extensions.Logging": {
        "type": "Direct",
        "requested": "[7.0.0, )",
        "resolved": "7.0.0",
        "contentHash": "Nw2muoNrOG5U5qa2ZekXwudUn2BJcD41e65zwmDHb1fQegTX66UokLWZkJRpqSSHXDOWZ5V0iqhbxOEky91atA==",
        "dependencies": {
          "Microsoft.Extensions.DependencyInjection": "7.0.0",
          "Microsoft.Extensions.DependencyInjection.Abstractions": "7.0.0",
          "Microsoft.Extensions.Logging.Abstractions": "7.0.0",
          "Microsoft.Extensions.Options": "7.0.0"
        }
      },
      "Microsoft.Extensions.Logging.Debug": {
        "type": "Direct",
        "requested": "[7.0.0, )",
        "resolved": "7.0.0",
        "contentHash": "tFGGyPDpJ8ZdQdeckCArP7nZuoY3am9zJWuvp4OD1bHq65S0epW9BNHzAWeaIO4eYwWnGm1jRNt3vRciH8H6MA==",
        "dependencies": {
          "Microsoft.Extensions.DependencyInjection.Abstractions": "7.0.0",
          "Microsoft.Extensions.Logging": "7.0.0",
          "Microsoft.Extensions.Logging.Abstractions": "7.0.0"
        }
      },
      "Microsoft.Maui.Graphics": {
        "type": "Direct",
        "requested": "[7.0.96, )",
        "resolved": "7.0.96",
        "contentHash": "KlIfq6vs7Oo12w/49pFFwx3OvyVECiBxQf8d1Asxk/1p/OjUjo+0ELL8fyskE2thRSPj9KupAxXI2/CS7ILICA=="
      },
      "Microsoft.Data.Sqlite.Core": {
        "type": "Transitive",
        "resolved": "7.0.12",
        "contentHash": "Y4nEJU7FKYW187VGN0yc71vikqjVhWvpxLkN1R340ONFNXyyFGjYlV3vnnyeGFrxQFBa7N4zJGhZfTFBSduamg==",
        "dependencies": {
          "SQLitePCLRaw.core": "2.1.4"
        }
      },
      "Microsoft.Extensions.Configuration.Abstractions": {
        "type": "Transitive",
        "resolved": "7.0.0",
        "contentHash": "f34u2eaqIjNO9YLHBz8rozVZ+TcFiFs0F3r7nUJd7FRkVSxk8u4OpoK226mi49MwexHOR2ibP9MFvRUaLilcQQ==",
        "dependencies": {
          "Microsoft.Extensions.Primitives": "7.0.0"
        }
      },
      "Microsoft.Extensions.DependencyInjection.Abstractions": {
        "type": "Transitive",
        "resolved": "7.0.0",
        "contentHash": "h3j/QfmFN4S0w4C2A6X7arXij/M/OVw3uQHSOFxnND4DyAzO1F9eMX7Eti7lU/OkSthEE0WzRsfT/Dmx86jzCw=="
      },
      "Microsoft.Extensions.Logging.Abstractions": {
        "type": "Transitive",
        "resolved": "7.0.0",
        "contentHash": "kmn78+LPVMOWeITUjIlfxUPDsI0R6G0RkeAMBmQxAJ7vBJn4q2dTva7pWi65ceN5vPGjJ9q/Uae2WKgvfktJAw=="
      },
      "Microsoft.Extensions.Options": {
        "type": "Transitive",
        "resolved": "7.0.0",
        "contentHash": "lP1yBnTTU42cKpMozuafbvNtQ7QcBjr/CcK3bYOGEMH55Fjt+iecXjT6chR7vbgCMqy3PG3aNQSZgo/EuY/9qQ==",
        "dependencies": {
          "Microsoft.Extensions.DependencyInjection.Abstractions": "7.0.0",
          "Microsoft.Extensions.Primitives": "7.0.0"
        }
      },
      "Microsoft.Extensions.Primitives": {
        "type": "Transitive",
        "resolved": "7.0.0",
        "contentHash": "um1KU5kxcRp3CNuI8o/GrZtD4AIOXDk+RLsytjZ9QPok3ttLUelLKpilVPuaFT3TFjOhSibUAso0odbOaCDj3Q=="
      },
      "SQLitePCLRaw.bundle_e_sqlite3": {
        "type": "Transitive",
        "resolved": "2.1.4",
        "contentHash": "EWI1olKDjFEBMJu0+3wuxwziIAdWDVMYLhuZ3Qs84rrz+DHwD00RzWPZCa+bLnHCf3oJwuFZIRsHT5p236QXww==",
        "dependencies": {
          "SQLitePCLRaw.lib.e_sqlite3": "2.1.4",
          "SQLitePCLRaw.provider.e_sqlite3": "2.1.4"
        }
      },
      "SQLitePCLRaw.core": {
        "type": "Transitive",
        "resolved": "2.1.4",
        "contentHash": "inBjvSHo9UDKneGNzfUfDjK08JzlcIhn1+SP5Y3m6cgXpCxXKCJDy6Mka7LpgSV+UZmKSnC8rTwB0SQ0xKu5pA==",
        "dependencies": {
          "System.Memory": "4.5.3"
        }
      },
      "SQLitePCLRaw.lib.e_sqlite3": {
        "type": "Transitive",
        "resolved": "2.1.4",
        "contentHash": "2C9Q9eX7CPLveJA0rIhf9RXAvu+7nWZu1A2MdG6SD/NOu26TakGgL1nsbc0JAspGijFOo3HoN79xrx8a368fBg=="
      },
      "SQLitePCLRaw.provider.e_sqlite3": {
        "type": "Transitive",
        "resolved": "2.1.4",
        "contentHash": "CSlb5dUp1FMIkez9Iv5EXzpeq7rHryVNqwJMWnpq87j9zWZexaEMdisDktMsnnrzKM6ahNrsTkjqNodTBPBxtQ==",
        "dependencies": {
          "SQLitePCLRaw.core": "2.1.4"
        }
      },
      "System.Memory": {
        "type": "Transitive",
        "resolved": "4.5.3",
        "contentHash": "3oDzvc/zzetpTKWMShs1AADwZjQ/36HnsufHRPcOjyRAAMLDlu2iD33MBI2opxnezcVUtXyqDXXjoFMOU9c7SA=="
      }
    },
    "net7.0/maccatalyst-x64": {
      "SQLitePCLRaw.lib.e_sqlite3": {
        "type": "Transitive",
        "resolved": "2.1.4",
        "contentHash": "2C9Q9eX7CPLveJA0rIhf9RXAvu+7nWZu1A2MdG6SD/NOu26TakGgL1nsbc0JAspGijFOo3HoN79xrx8a368fBg=="
      }
    },
    "net7.0/win10-x64": {
      "SQLitePCLRaw.lib.e_sqlite3": {
        "type": "Transitive",
        "resolved": "2.1.4",
        "contentHash": "2C9Q9eX7CPLveJA0rIhf9RXAvu+7nWZu1A2MdG6SD/NOu26TakGgL1nsbc0JAspGijFOo3HoN79xrx8a368fBg=="
      }
    },
    "net7.0-maccatalyst16.1": {
      "CommunityToolkit.Mvvm": {
        "type": "Direct",
        "requested": "[8.2.2, )",
        "resolved": "8.2.2",
        "contentHash": "r0g0k9tGYdrnz8R7T3x5UiokDffeevzK/2P/9SBL6fqLgN8B157MIi/bVUWI1KAz6ZorZrK9AdABCWUeXZZsvA=="
      },
      "Microsoft.Data.Sqlite": {
        "type": "Direct",
        "requested": "[7.0.12, )",
        "resolved": "7.0.12",
        "contentHash": "xDe4lzEJm5bl4aEq6SmLBhgYPgh5GgkGzGaw9PGGajfqMAR7TCk1RkzsFb1iAYtetFHKZmQNGkR2EWKJSZTGSw==",
        "dependencies": {
          "Microsoft.Data.Sqlite.Core": "7.0.12",
          "SQLitePCLRaw.bundle_e_sqlite3": "2.1.4"
        }
      },
      "Microsoft.Extensions.Configuration": {
        "type": "Direct",
        "requested": "[7.0.0, )",
        "resolved": "7.0.0",
        "contentHash": "tldQUBWt/xeH2K7/hMPPo5g8zuLc3Ro9I5d4o/XrxvxOCA2EZBtW7bCHHTc49fcBtvB8tLAb/Qsmfrq+2SJ4vA==",
        "dependencies": {
          "Microsoft.Extensions.Configuration.Abstractions": "7.0.0",
          "Microsoft.Extensions.Primitives": "7.0.0"
        }
      },
      "Microsoft.Extensions.DependencyInjection": {
        "type": "Direct",
        "requested": "[7.0.0, )",
        "resolved": "7.0.0",
        "contentHash": "elNeOmkeX3eDVG6pYVeV82p29hr+UKDaBhrZyWvWLw/EVZSYEkZlQdkp0V39k/Xehs2Qa0mvoCvkVj3eQxNQ1Q==",
        "dependencies": {
          "Microsoft.Extensions.DependencyInjection.Abstractions": "7.0.0"
        }
      },
      "Microsoft.Extensions.Logging": {
        "type": "Direct",
        "requested": "[7.0.0, )",
        "resolved": "7.0.0",
        "contentHash": "Nw2muoNrOG5U5qa2ZekXwudUn2BJcD41e65zwmDHb1fQegTX66UokLWZkJRpqSSHXDOWZ5V0iqhbxOEky91atA==",
        "dependencies": {
          "Microsoft.Extensions.DependencyInjection": "7.0.0",
          "Microsoft.Extensions.DependencyInjection.Abstractions": "7.0.0",
          "Microsoft.Extensions.Logging.Abstractions": "7.0.0",
          "Microsoft.Extensions.Options": "7.0.0"
        }
      },
      "Microsoft.Extensions.Logging.Debug": {
        "type": "Direct",
        "requested": "[7.0.0, )",
        "resolved": "7.0.0",
        "contentHash": "tFGGyPDpJ8ZdQdeckCArP7nZuoY3am9zJWuvp4OD1bHq65S0epW9BNHzAWeaIO4eYwWnGm1jRNt3vRciH8H6MA==",
        "dependencies": {
          "Microsoft.Extensions.DependencyInjection.Abstractions": "7.0.0",
          "Microsoft.Extensions.Logging": "7.0.0",
          "Microsoft.Extensions.Logging.Abstractions": "7.0.0"
        }
      },
      "Microsoft.Maui.Graphics": {
        "type": "Direct",
        "requested": "[7.0.96, )",
        "resolved": "7.0.96",
        "contentHash": "KlIfq6vs7Oo12w/49pFFwx3OvyVECiBxQf8d1Asxk/1p/OjUjo+0ELL8fyskE2thRSPj9KupAxXI2/CS7ILICA=="
      },
      "Microsoft.Data.Sqlite.Core": {
        "type": "Transitive",
        "resolved": "7.0.12",
        "contentHash": "Y4nEJU7FKYW187VGN0yc71vikqjVhWvpxLkN1R340ONFNXyyFGjYlV3vnnyeGFrxQFBa7N4zJGhZfTFBSduamg==",
        "dependencies": {
          "SQLitePCLRaw.core": "2.1.4"
        }
      },
      "Microsoft.Extensions.Configuration.Abstractions": {
        "type": "Transitive",
        "resolved": "7.0.0",
        "contentHash": "f34u2eaqIjNO9YLHBz8rozVZ+TcFiFs0F3r7nUJd7FRkVSxk8u4OpoK226mi49MwexHOR2ibP9MFvRUaLilcQQ==",
        "dependencies": {
          "Microsoft.Extensions.Primitives": "7.0.0"
        }
      },
      "Microsoft.Extensions.DependencyInjection.Abstractions": {
        "type": "Transitive",
        "resolved": "7.0.0",
        "contentHash": "h3j/QfmFN4S0w4C2A6X7arXij/M/OVw3uQHSOFxnND4DyAzO1F9eMX7Eti7lU/OkSthEE0WzRsfT/Dmx86jzCw=="
      },
      "Microsoft.Extensions.Logging.Abstractions": {
        "type": "Transitive",
        "resolved": "7.0.0",
        "contentHash": "kmn78+LPVMOWeITUjIlfxUPDsI0R6G0RkeAMBmQxAJ7vBJn4q2dTva7pWi65ceN5vPGjJ9q/Uae2WKgvfktJAw=="
      },
      "Microsoft.Extensions.Options": {
        "type": "Transitive",
        "resolved": "7.0.0",
        "contentHash": "lP1yBnTTU42cKpMozuafbvNtQ7QcBjr/CcK3bYOGEMH55Fjt+iecXjT6chR7vbgCMqy3PG3aNQSZgo/EuY/9qQ==",
        "dependencies": {
          "Microsoft.Extensions.DependencyInjection.Abstractions": "7.0.0",
          "Microsoft.Extensions.Primitives": "7.0.0"
        }
      },
      "Microsoft.Extensions.Primitives": {
        "type": "Transitive",
        "resolved": "7.0.0",
        "contentHash": "um1KU5kxcRp3CNuI8o/GrZtD4AIOXDk+RLsytjZ9QPok3ttLUelLKpilVPuaFT3TFjOhSibUAso0odbOaCDj3Q=="
      },
      "SQLitePCLRaw.bundle_e_sqlite3": {
        "type": "Transitive",
        "resolved": "2.1.4",
        "contentHash": "EWI1olKDjFEBMJu0+3wuxwziIAdWDVMYLhuZ3Qs84rrz+DHwD00RzWPZCa+bLnHCf3oJwuFZIRsHT5p236QXww==",
        "dependencies": {
          "SQLitePCLRaw.lib.e_sqlite3": "2.1.4",
          "SQLitePCLRaw.provider.e_sqlite3": "2.1.4"
        }
      },
      "SQLitePCLRaw.core": {
        "type": "Transitive",
        "resolved": "2.1.4",
        "contentHash": "inBjvSHo9UDKneGNzfUfDjK08JzlcIhn1+SP5Y3m6cgXpCxXKCJDy6Mka7LpgSV+UZmKSnC8rTwB0SQ0xKu5pA==",
        "dependencies": {
          "System.Memory": "4.5.3"
        }
      },
      "SQLitePCLRaw.lib.e_sqlite3": {
        "type": "Transitive",
        "resolved": "2.1.4",
        "contentHash": "2C9Q9eX7CPLveJA0rIhf9RXAvu+7nWZu1A2MdG6SD/NOu26TakGgL1nsbc0JAspGijFOo3HoN79xrx8a368fBg=="
      },
      "SQLitePCLRaw.provider.e_sqlite3": {
        "type": "Transitive",
        "resolved": "2.1.4",
        "contentHash": "CSlb5dUp1FMIkez9Iv5EXzpeq7rHryVNqwJMWnpq87j9zWZexaEMdisDktMsnnrzKM6ahNrsTkjqNodTBPBxtQ==",
        "dependencies": {
          "SQLitePCLRaw.core": "2.1.4"
        }
      },
      "System.Memory": {
        "type": "Transitive",
        "resolved": "4.5.3",
        "contentHash": "3oDzvc/zzetpTKWMShs1AADwZjQ/36HnsufHRPcOjyRAAMLDlu2iD33MBI2opxnezcVUtXyqDXXjoFMOU9c7SA=="
      }
    },
    "net7.0-maccatalyst16.1/maccatalyst-x64": {
      "SQLitePCLRaw.lib.e_sqlite3": {
        "type": "Transitive",
        "resolved": "2.1.4",
        "contentHash": "2C9Q9eX7CPLveJA0rIhf9RXAvu+7nWZu1A2MdG6SD/NOu26TakGgL1nsbc0JAspGijFOo3HoN79xrx8a368fBg=="
      }
    },
    "net7.0-maccatalyst16.1/win10-x64": {
      "SQLitePCLRaw.lib.e_sqlite3": {
        "type": "Transitive",
        "resolved": "2.1.4",
        "contentHash": "2C9Q9eX7CPLveJA0rIhf9RXAvu+7nWZu1A2MdG6SD/NOu26TakGgL1nsbc0JAspGijFOo3HoN79xrx8a368fBg=="
      }
    },
    "net7.0-windows10.0.19041": {
      "CommunityToolkit.Mvvm": {
        "type": "Direct",
        "requested": "[8.2.2, )",
        "resolved": "8.2.2",
        "contentHash": "r0g0k9tGYdrnz8R7T3x5UiokDffeevzK/2P/9SBL6fqLgN8B157MIi/bVUWI1KAz6ZorZrK9AdABCWUeXZZsvA=="
      },
      "Microsoft.Data.Sqlite": {
        "type": "Direct",
        "requested": "[7.0.12, )",
        "resolved": "7.0.12",
        "contentHash": "xDe4lzEJm5bl4aEq6SmLBhgYPgh5GgkGzGaw9PGGajfqMAR7TCk1RkzsFb1iAYtetFHKZmQNGkR2EWKJSZTGSw==",
        "dependencies": {
          "Microsoft.Data.Sqlite.Core": "7.0.12",
          "SQLitePCLRaw.bundle_e_sqlite3": "2.1.4"
        }
      },
      "Microsoft.Extensions.Configuration": {
        "type": "Direct",
        "requested": "[7.0.0, )",
        "resolved": "7.0.0",
        "contentHash": "tldQUBWt/xeH2K7/hMPPo5g8zuLc3Ro9I5d4o/XrxvxOCA2EZBtW7bCHHTc49fcBtvB8tLAb/Qsmfrq+2SJ4vA==",
        "dependencies": {
          "Microsoft.Extensions.Configuration.Abstractions": "7.0.0",
          "Microsoft.Extensions.Primitives": "7.0.0"
        }
      },
      "Microsoft.Extensions.DependencyInjection": {
        "type": "Direct",
        "requested": "[7.0.0, )",
        "resolved": "7.0.0",
        "contentHash": "elNeOmkeX3eDVG6pYVeV82p29hr+UKDaBhrZyWvWLw/EVZSYEkZlQdkp0V39k/Xehs2Qa0mvoCvkVj3eQxNQ1Q==",
        "dependencies": {
          "Microsoft.Extensions.DependencyInjection.Abstractions": "7.0.0"
        }
      },
      "Microsoft.Extensions.Logging": {
        "type": "Direct",
        "requested": "[7.0.0, )",
        "resolved": "7.0.0",
        "contentHash": "Nw2muoNrOG5U5qa2ZekXwudUn2BJcD41e65zwmDHb1fQegTX66UokLWZkJRpqSSHXDOWZ5V0iqhbxOEky91atA==",
        "dependencies": {
          "Microsoft.Extensions.DependencyInjection": "7.0.0",
          "Microsoft.Extensions.DependencyInjection.Abstractions": "7.0.0",
          "Microsoft.Extensions.Logging.Abstractions": "7.0.0",
          "Microsoft.Extensions.Options": "7.0.0"
        }
      },
      "Microsoft.Extensions.Logging.Debug": {
        "type": "Direct",
        "requested": "[7.0.0, )",
        "resolved": "7.0.0",
        "contentHash": "tFGGyPDpJ8ZdQdeckCArP7nZuoY3am9zJWuvp4OD1bHq65S0epW9BNHzAWeaIO4eYwWnGm1jRNt3vRciH8H6MA==",
        "dependencies": {
          "Microsoft.Extensions.DependencyInjection.Abstractions": "7.0.0",
          "Microsoft.Extensions.Logging": "7.0.0",
          "Microsoft.Extensions.Logging.Abstractions": "7.0.0"
        }
      },
      "Microsoft.Maui.Graphics": {
        "type": "Direct",
        "requested": "[7.0.96, )",
        "resolved": "7.0.96",
        "contentHash": "KlIfq6vs7Oo12w/49pFFwx3OvyVECiBxQf8d1Asxk/1p/OjUjo+0ELL8fyskE2thRSPj9KupAxXI2/CS7ILICA=="
      },
      "Microsoft.Maui.Graphics.Win2D.WinUI.Desktop": {
        "type": "Direct",
        "requested": "[7.0.96, )",
        "resolved": "7.0.96",
        "contentHash": "fQxPE4MHq0p7BqpioKNC/YAuDtYsN0ObbPOWp9fV+WIaVjfMYK/c+iIrQbXgthGExWP2y++DRcWDefqstYfhmg==",
        "dependencies": {
          "Microsoft.Graphics.Win2D": "1.0.5.1",
          "Microsoft.Maui.Graphics": "7.0.96",
          "Microsoft.Windows.SDK.BuildTools": "10.0.22621.756",
          "Microsoft.WindowsAppSDK": "1.2.221209.1"
        }
      },
      "Microsoft.WindowsAppSDK": {
        "type": "Direct",
        "requested": "[1.2.221209.1, )",
        "resolved": "1.2.221209.1",
        "contentHash": "1Y8KDCmUqytdduubaQhRz6aqaP7YhVSPE/fHeqLMsK3DrV+eBThrqkM6R/8N2lu0mwkNfKSTSAhixrTR72nyWA==",
        "dependencies": {
          "Microsoft.Windows.SDK.BuildTools": "10.0.22621.1"
        }
      },
      "Microsoft.Data.Sqlite.Core": {
        "type": "Transitive",
        "resolved": "7.0.12",
        "contentHash": "Y4nEJU7FKYW187VGN0yc71vikqjVhWvpxLkN1R340ONFNXyyFGjYlV3vnnyeGFrxQFBa7N4zJGhZfTFBSduamg==",
        "dependencies": {
          "SQLitePCLRaw.core": "2.1.4"
        }
      },
      "Microsoft.Extensions.Configuration.Abstractions": {
        "type": "Transitive",
        "resolved": "7.0.0",
        "contentHash": "f34u2eaqIjNO9YLHBz8rozVZ+TcFiFs0F3r7nUJd7FRkVSxk8u4OpoK226mi49MwexHOR2ibP9MFvRUaLilcQQ==",
        "dependencies": {
          "Microsoft.Extensions.Primitives": "7.0.0"
        }
      },
      "Microsoft.Extensions.DependencyInjection.Abstractions": {
        "type": "Transitive",
        "resolved": "7.0.0",
        "contentHash": "h3j/QfmFN4S0w4C2A6X7arXij/M/OVw3uQHSOFxnND4DyAzO1F9eMX7Eti7lU/OkSthEE0WzRsfT/Dmx86jzCw=="
      },
      "Microsoft.Extensions.Logging.Abstractions": {
        "type": "Transitive",
        "resolved": "7.0.0",
        "contentHash": "kmn78+LPVMOWeITUjIlfxUPDsI0R6G0RkeAMBmQxAJ7vBJn4q2dTva7pWi65ceN5vPGjJ9q/Uae2WKgvfktJAw=="
      },
      "Microsoft.Extensions.Options": {
        "type": "Transitive",
        "resolved": "7.0.0",
        "contentHash": "lP1yBnTTU42cKpMozuafbvNtQ7QcBjr/CcK3bYOGEMH55Fjt+iecXjT6chR7vbgCMqy3PG3aNQSZgo/EuY/9qQ==",
        "dependencies": {
          "Microsoft.Extensions.DependencyInjection.Abstractions": "7.0.0",
          "Microsoft.Extensions.Primitives": "7.0.0"
        }
      },
      "Microsoft.Extensions.Primitives": {
        "type": "Transitive",
        "resolved": "7.0.0",
        "contentHash": "um1KU5kxcRp3CNuI8o/GrZtD4AIOXDk+RLsytjZ9QPok3ttLUelLKpilVPuaFT3TFjOhSibUAso0odbOaCDj3Q=="
      },
      "Microsoft.Graphics.Win2D": {
        "type": "Transitive",
        "resolved": "1.0.5.1",
        "contentHash": "9DVEVvyQWWz8kqhsFBAx9Zv4KRIAcmxuT7kFpK1Fgh6czSiMB+CQW0DlhZXT44Mtv41FRXG47lhEv+7a2YyiLA==",
        "dependencies": {
          "Microsoft.WindowsAppSDK": "1.0.4"
        }
      },
      "Microsoft.Windows.SDK.BuildTools": {
        "type": "Transitive",
        "resolved": "10.0.22621.756",
        "contentHash": "7ZL2sFSioYm1Ry067Kw1hg0SCcW5kuVezC2SwjGbcPE61Nn+gTbH86T73G3LcEOVj0S3IZzNuE/29gZvOLS7VA=="
      },
      "SQLitePCLRaw.bundle_e_sqlite3": {
        "type": "Transitive",
        "resolved": "2.1.4",
        "contentHash": "EWI1olKDjFEBMJu0+3wuxwziIAdWDVMYLhuZ3Qs84rrz+DHwD00RzWPZCa+bLnHCf3oJwuFZIRsHT5p236QXww==",
        "dependencies": {
          "SQLitePCLRaw.lib.e_sqlite3": "2.1.4",
          "SQLitePCLRaw.provider.e_sqlite3": "2.1.4"
        }
      },
      "SQLitePCLRaw.core": {
        "type": "Transitive",
        "resolved": "2.1.4",
        "contentHash": "inBjvSHo9UDKneGNzfUfDjK08JzlcIhn1+SP5Y3m6cgXpCxXKCJDy6Mka7LpgSV+UZmKSnC8rTwB0SQ0xKu5pA==",
        "dependencies": {
          "System.Memory": "4.5.3"
        }
      },
      "SQLitePCLRaw.lib.e_sqlite3": {
        "type": "Transitive",
        "resolved": "2.1.4",
        "contentHash": "2C9Q9eX7CPLveJA0rIhf9RXAvu+7nWZu1A2MdG6SD/NOu26TakGgL1nsbc0JAspGijFOo3HoN79xrx8a368fBg=="
      },
      "SQLitePCLRaw.provider.e_sqlite3": {
        "type": "Transitive",
        "resolved": "2.1.4",
        "contentHash": "CSlb5dUp1FMIkez9Iv5EXzpeq7rHryVNqwJMWnpq87j9zWZexaEMdisDktMsnnrzKM6ahNrsTkjqNodTBPBxtQ==",
        "dependencies": {
          "SQLitePCLRaw.core": "2.1.4"
        }
      },
      "System.Memory": {
        "type": "Transitive",
        "resolved": "4.5.3",
        "contentHash": "3oDzvc/zzetpTKWMShs1AADwZjQ/36HnsufHRPcOjyRAAMLDlu2iD33MBI2opxnezcVUtXyqDXXjoFMOU9c7SA=="
      }
    },
    "net7.0-windows10.0.19041/maccatalyst-x64": {
      "Microsoft.WindowsAppSDK": {
        "type": "Direct",
        "requested": "[1.2.221209.1, )",
        "resolved": "1.2.221209.1",
        "contentHash": "1Y8KDCmUqytdduubaQhRz6aqaP7YhVSPE/fHeqLMsK3DrV+eBThrqkM6R/8N2lu0mwkNfKSTSAhixrTR72nyWA==",
        "dependencies": {
          "Microsoft.Windows.SDK.BuildTools": "10.0.22621.1"
        }
      },
      "Microsoft.Graphics.Win2D": {
        "type": "Transitive",
        "resolved": "1.0.5.1",
        "contentHash": "9DVEVvyQWWz8kqhsFBAx9Zv4KRIAcmxuT7kFpK1Fgh6czSiMB+CQW0DlhZXT44Mtv41FRXG47lhEv+7a2YyiLA==",
        "dependencies": {
          "Microsoft.WindowsAppSDK": "1.0.4"
        }
      },
      "SQLitePCLRaw.lib.e_sqlite3": {
        "type": "Transitive",
        "resolved": "2.1.4",
        "contentHash": "2C9Q9eX7CPLveJA0rIhf9RXAvu+7nWZu1A2MdG6SD/NOu26TakGgL1nsbc0JAspGijFOo3HoN79xrx8a368fBg=="
      }
    },
    "net7.0-windows10.0.19041/win10-x64": {
      "Microsoft.WindowsAppSDK": {
        "type": "Direct",
        "requested": "[1.2.221209.1, )",
        "resolved": "1.2.221209.1",
        "contentHash": "1Y8KDCmUqytdduubaQhRz6aqaP7YhVSPE/fHeqLMsK3DrV+eBThrqkM6R/8N2lu0mwkNfKSTSAhixrTR72nyWA==",
        "dependencies": {
          "Microsoft.Windows.SDK.BuildTools": "10.0.22621.1"
        }
      },
      "Microsoft.Graphics.Win2D": {
        "type": "Transitive",
        "resolved": "1.0.5.1",
        "contentHash": "9DVEVvyQWWz8kqhsFBAx9Zv4KRIAcmxuT7kFpK1Fgh6czSiMB+CQW0DlhZXT44Mtv41FRXG47lhEv+7a2YyiLA==",
        "dependencies": {
          "Microsoft.WindowsAppSDK": "1.0.4"
        }
      },
      "SQLitePCLRaw.lib.e_sqlite3": {
        "type": "Transitive",
        "resolved": "2.1.4",
        "contentHash": "2C9Q9eX7CPLveJA0rIhf9RXAvu+7nWZu1A2MdG6SD/NOu26TakGgL1nsbc0JAspGijFOo3HoN79xrx8a368fBg=="
      }
    }
  }
}